
Microsoft Visual Studio Solution File, Format Version 12.00
# Visual Studio Version 16
VisualStudioVersion = 16.0.28711.165
MinimumVisualStudioVersion = 10.0.40219.1
Project("{FAE04EC0-301F-11D3-BF4B-00C04F79EFBC}") = "index-and-range", "index-and-range.csproj", "{301591CF-53E5-42FB-BA8D-B9FB9F287FB7}"
EndProject
Global
	GlobalSection(SolutionConfigurationPlatforms) = preSolution
		Debug|Any CPU = Debug|Any CPU
		Release|Any CPU = Release|Any CPU
	EndGlobalSection
	GlobalSection(ProjectConfigurationPlatforms) = postSolution
		{301591CF-53E5-42FB-BA8D-B9FB9F287FB7}.Debug|Any CPU.ActiveCfg = Debug|Any CPU
		{301591CF-53E5-42FB-BA8D-B9FB9F287FB7}.Debug|Any CPU.Build.0 = Debug|Any CPU
		{301591CF-53E5-42FB-BA8D-B9FB9F287FB7}.Release|Any CPU.ActiveCfg = Release|Any CPU
		{301591CF-53E5-42FB-BA8D-B9FB9F287FB7}.Release|Any CPU.Build.0 = Release|Any CPU
	EndGlobalSection
	GlobalSection(SolutionProperties) = preSolution
		HideSolutionNode = FALSE
	EndGlobalSection
	GlobalSection(ExtensibilityGlobals) = postSolution
		SolutionGuid = {BA821C62-A60F-470F-801D-9BEA05254B57}
	EndGlobalSection
EndGlobal
